// !$*UTF8*$!
{
	archiveVersion = 1;
	classes = {
	};
	objectVersion = 50;
	objects = {

/* Begin PBXBuildFile section */
		024E667D22801DFD0054DBB3 /* AppDelegate.swift in Sources */ = {isa = PBXBuildFile; fileRef = 024E667C22801DFD0054DBB3 /* AppDelegate.swift */; };
		024E667F22801DFD0054DBB3 /* ViewController.swift in Sources */ = {isa = PBXBuildFile; fileRef = 024E667E22801DFD0054DBB3 /* ViewController.swift */; };
		024E668222801DFE0054DBB3 /* Main.storyboard in Resources */ = {isa = PBXBuildFile; fileRef = 024E668022801DFE0054DBB3 /* Main.storyboard */; };
		024E668422801E000054DBB3 /* Assets.xcassets in Resources */ = {isa = PBXBuildFile; fileRef = 024E668322801E000054DBB3 /* Assets.xcassets */; };
		024E668722801E000054DBB3 /* LaunchScreen.storyboard in Resources */ = {isa = PBXBuildFile; fileRef = 024E668522801E000054DBB3 /* LaunchScreen.storyboard */; };
		024E669222801E000054DBB3 /* HorizontalScrollViewExampleTests.swift in Sources */ = {isa = PBXBuildFile; fileRef = 024E669122801E000054DBB3 /* HorizontalScrollViewExampleTests.swift */; };
		024E669D22801E000054DBB3 /* HorizontalScrollViewExampleUITests.swift in Sources */ = {isa = PBXBuildFile; fileRef = 024E669C22801E000054DBB3 /* HorizontalScrollViewExampleUITests.swift */; };
		024E66AD22801F820054DBB3 /* CollectionViewFlowLayout.swift in Sources */ = {isa = PBXBuildFile; fileRef = 024E66AC22801F820054DBB3 /* CollectionViewFlowLayout.swift */; };
/* End PBXBuildFile section */

/* Begin PBXContainerItemProxy section */
		024E668E22801E000054DBB3 /* PBXContainerItemProxy */ = {
			isa = PBXContainerItemProxy;
			containerPortal = 024E667122801DFD0054DBB3 /* Project object */;
			proxyType = 1;
			remoteGlobalIDString = 024E667822801DFD0054DBB3;
			remoteInfo = HorizontalScrollViewExample;
		};
		024E669922801E000054DBB3 /* PBXContainerItemProxy */ = {
			isa = PBXContainerItemProxy;
			containerPortal = 024E667122801DFD0054DBB3 /* Project object */;
			proxyType = 1;
			remoteGlobalIDString = 024E667822801DFD0054DBB3;
			remoteInfo = HorizontalScrollViewExample;
		};
/* End PBXContainerItemProxy section */

/* Begin PBXFileReference section */
		024E667922801DFD0054DBB3 /* HorizontalScrollViewExample.app */ = {isa = PBXFileReference; explicitFileType = wrapper.application; includeInIndex = 0; path = HorizontalScrollViewExample.app; sourceTree = BUILT_PRODUCTS_DIR; };
		024E667C22801DFD0054DBB3 /* AppDelegate.swift */ = {isa = PBXFileReference; lastKnownFileType = sourcecode.swift; path = AppDelegate.swift; sourceTree = "<group>"; };
		024E667E22801DFD0054DBB3 /* ViewController.swift */ = {isa = PBXFileReference; lastKnownFileType = sourcecode.swift; path = ViewController.swift; sourceTree = "<group>"; };
		024E668122801DFE0054DBB3 /* Base */ = {isa = PBXFileReference; lastKnownFileType = file.storyboard; name = Base; path = Base.lproj/Main.storyboard; sourceTree = "<group>"; };
		024E668322801E000054DBB3 /* Assets.xcassets */ = {isa = PBXFileReference; lastKnownFileType = folder.assetcatalog; path = Assets.xcassets; sourceTree = "<group>"; };
		024E668622801E000054DBB3 /* Base */ = {isa = PBXFileReference; lastKnownFileType = file.storyboard; name = Base; path = Base.lproj/LaunchScreen.storyboard; sourceTree = "<group>"; };
		024E668822801E000054DBB3 /* Info.plist */ = {isa = PBXFileReference; lastKnownFileType = text.plist.xml; path = Info.plist; sourceTree = "<group>"; };
		024E668D22801E000054DBB3 /* HorizontalScrollViewExampleTests.xctest */ = {isa = PBXFileReference; explicitFileType = wrapper.cfbundle; includeInIndex = 0; path = HorizontalScrollViewExampleTests.xctest; sourceTree = BUILT_PRODUCTS_DIR; };
		024E669122801E000054DBB3 /* HorizontalScrollViewExampleTests.swift */ = {isa = PBXFileReference; lastKnownFileType = sourcecode.swift; path = HorizontalScrollViewExampleTests.swift; sourceTree = "<group>"; };
		024E669322801E000054DBB3 /* Info.plist */ = {isa = PBXFileReference; lastKnownFileType = text.plist.xml; path = Info.plist; sourceTree = "<group>"; };
		024E669822801E000054DBB3 /* HorizontalScrollViewExampleUITests.xctest */ = {isa = PBXFileReference; explicitFileType = wrapper.cfbundle; includeInIndex = 0; path = HorizontalScrollViewExampleUITests.xctest; sourceTree = BUILT_PRODUCTS_DIR; };
		024E669C22801E000054DBB3 /* HorizontalScrollViewExampleUITests.swift */ = {isa = PBXFileReference; lastKnownFileType = sourcecode.swift; path = HorizontalScrollViewExampleUITests.swift; sourceTree = "<group>"; };
		024E669E22801E000054DBB3 /* Info.plist */ = {isa = PBXFileReference; lastKnownFileType = text.plist.xml; path = Info.plist; sourceTree = "<group>"; };
		024E66AC22801F820054DBB3 /* CollectionViewFlowLayout.swift */ = {isa = PBXFileReference; lastKnownFileType = sourcecode.swift; path = CollectionViewFlowLayout.swift; sourceTree = "<group>"; };
/* End PBXFileReference section */

/* Begin PBXFrameworksBuildPhase section */
		024E667622801DFD0054DBB3 /* Frameworks */ = {
			isa = PBXFrameworksBuildPhase;
			buildActionMask = 2147483647;
			files = (
			);
			runOnlyForDeploymentPostprocessing = 0;
		};
		024E668A22801E000054DBB3 /* Frameworks */ = {
			isa = PBXFrameworksBuildPhase;
			buildActionMask = 2147483647;
			files = (
			);
			runOnlyForDeploymentPostprocessing = 0;
		};
		024E669522801E000054DBB3 /* Frameworks */ = {
			isa = PBXFrameworksBuildPhase;
			buildActionMask = 2147483647;
			files = (
			);
			runOnlyForDeploymentPostprocessing = 0;
		};
/* End PBXFrameworksBuildPhase section */

/* Begin PBXGroup section */
		024E667022801DFD0054DBB3 = {
			isa = PBXGroup;
			children = (
				024E667B22801DFD0054DBB3 /* HorizontalScrollViewExample */,
				024E669022801E000054DBB3 /* HorizontalScrollViewExampleTests */,
				024E669B22801E000054DBB3 /* HorizontalScrollViewExampleUITests */,
				024E667A22801DFD0054DBB3 /* Products */,
			);
			sourceTree = "<group>";
		};
		024E667A22801DFD0054DBB3 /* Products */ = {
			isa = PBXGroup;
			children = (
				024E667922801DFD0054DBB3 /* HorizontalScrollViewExample.app */,
				024E668D22801E000054DBB3 /* HorizontalScrollViewExampleTests.xctest */,
				024E669822801E000054DBB3 /* HorizontalScrollViewExampleUITests.xctest */,
			);
			name = Products;
			sourceTree = "<group>";
		};
		024E667B22801DFD0054DBB3 /* HorizontalScrollViewExample */ = {
			isa = PBXGroup;
			children = (
				024E667C22801DFD0054DBB3 /* AppDelegate.swift */,
				024E667E22801DFD0054DBB3 /* ViewController.swift */,
				024E668022801DFE0054DBB3 /* Main.storyboard */,
				024E668322801E000054DBB3 /* Assets.xcassets */,
				024E668522801E000054DBB3 /* LaunchScreen.storyboard */,
				024E668822801E000054DBB3 /* Info.plist */,
				024E66AC22801F820054DBB3 /* CollectionViewFlowLayout.swift */,
			);
			path = HorizontalScrollViewExample;
			sourceTree = "<group>";
		};
		024E669022801E000054DBB3 /* HorizontalScrollViewExampleTests */ = {
			isa = PBXGroup;
			children = (
				024E669122801E000054DBB3 /* HorizontalScrollViewExampleTests.swift */,
				024E669322801E000054DBB3 /* Info.plist */,
			);
			path = HorizontalScrollViewExampleTests;
			sourceTree = "<group>";
		};
		024E669B22801E000054DBB3 /* HorizontalScrollViewExampleUITests */ = {
			isa = PBXGroup;
			children = (
				024E669C22801E000054DBB3 /* HorizontalScrollViewExampleUITests.swift */,
				024E669E22801E000054DBB3 /* Info.plist */,
			);
			path = HorizontalScrollViewExampleUITests;
			sourceTree = "<group>";
		};
/* End PBXGroup section */

/* Begin PBXNativeTarget section */
		024E667822801DFD0054DBB3 /* HorizontalScrollViewExample */ = {
			isa = PBXNativeTarget;
			buildConfigurationList = 024E66A122801E000054DBB3 /* Build configuration list for PBXNativeTarget "HorizontalScrollViewExample" */;
			buildPhases = (
				024E667522801DFD0054DBB3 /* Sources */,
				024E667622801DFD0054DBB3 /* Frameworks */,
				024E667722801DFD0054DBB3 /* Resources */,
			);
			buildRules = (
			);
			dependencies = (
			);
			name = HorizontalScrollViewExample;
			productName = HorizontalScrollViewExample;
			productReference = 024E667922801DFD0054DBB3 /* HorizontalScrollViewExample.app */;
			productType = "com.apple.product-type.application";
		};
		024E668C22801E000054DBB3 /* HorizontalScrollViewExampleTests */ = {
			isa = PBXNativeTarget;
			buildConfigurationList = 024E66A422801E000054DBB3 /* Build configuration list for PBXNativeTarget "HorizontalScrollViewExampleTests" */;
			buildPhases = (
				024E668922801E000054DBB3 /* Sources */,
				024E668A22801E000054DBB3 /* Frameworks */,
				024E668B22801E000054DBB3 /* Resources */,
			);
			buildRules = (
			);
			dependencies = (
				024E668F22801E000054DBB3 /* PBXTargetDependency */,
			);
			name = HorizontalScrollViewExampleTests;
			productName = HorizontalScrollViewExampleTests;
			productReference = 024E668D22801E000054DBB3 /* HorizontalScrollViewExampleTests.xctest */;
			productType = "com.apple.product-type.bundle.unit-test";
		};
		024E669722801E000054DBB3 /* HorizontalScrollViewExampleUITests */ = {
			isa = PBXNativeTarget;
			buildConfigurationList = 024E66A722801E000054DBB3 /* Build configuration list for PBXNativeTarget "HorizontalScrollViewExampleUITests" */;
			buildPhases = (
				024E669422801E000054DBB3 /* Sources */,
				024E669522801E000054DBB3 /* Frameworks */,
				024E669622801E000054DBB3 /* Resources */,
			);
			buildRules = (
			);
			dependencies = (
				024E669A22801E000054DBB3 /* PBXTargetDependency */,
			);
			name = HorizontalScrollViewExampleUITests;
			productName = HorizontalScrollViewExampleUITests;
			productReference = 024E669822801E000054DBB3 /* HorizontalScrollViewExampleUITests.xctest */;
			productType = "com.apple.product-type.bundle.ui-testing";
		};
/* End PBXNativeTarget section */

/* Begin PBXProject section */
		024E667122801DFD0054DBB3 /* Project object */ = {
			isa = PBXProject;
			attributes = {
				LastSwiftUpdateCheck = 1010;
				LastUpgradeCheck = 1010;
				ORGANIZATIONNAME = "Yuji Ogihara";
				TargetAttributes = {
					024E667822801DFD0054DBB3 = {
						CreatedOnToolsVersion = 10.1;
					};
					024E668C22801E000054DBB3 = {
						CreatedOnToolsVersion = 10.1;
						TestTargetID = 024E667822801DFD0054DBB3;
					};
					024E669722801E000054DBB3 = {
						CreatedOnToolsVersion = 10.1;
						TestTargetID = 024E667822801DFD0054DBB3;
					};
				};
			};
			buildConfigurationList = 024E667422801DFD0054DBB3 /* Build configuration list for PBXProject "HorizontalScrollViewExample" */;
			compatibilityVersion = "Xcode 9.3";
			developmentRegion = en;
			hasScannedForEncodings = 0;
			knownRegions = (
				en,
				Base,
			);
			mainGroup = 024E667022801DFD0054DBB3;
			productRefGroup = 024E667A22801DFD0054DBB3 /* Products */;
			projectDirPath = "";
			projectRoot = "";
			targets = (
				024E667822801DFD0054DBB3 /* HorizontalScrollViewExample */,
				024E668C22801E000054DBB3 /* HorizontalScrollViewExampleTests */,
				024E669722801E000054DBB3 /* HorizontalScrollViewExampleUITests */,
			);
		};
/* End PBXProject section */

/* Begin PBXResourcesBuildPhase section */
		024E667722801DFD0054DBB3 /* Resources */ = {
			isa = PBXResourcesBuildPhase;
			buildActionMask = 2147483647;
			files = (
				024E668722801E000054DBB3 /* LaunchScreen.storyboard in Resources */,
				024E668422801E000054DBB3 /* Assets.xcassets in Resources */,
				024E668222801DFE0054DBB3 /* Main.storyboard in Resources */,
			);
			runOnlyForDeploymentPostprocessing = 0;
		};
		024E668B22801E000054DBB3 /* Resources */ = {
			isa = PBXResourcesBuildPhase;
			buildActionMask = 2147483647;
			files = (
			);
			runOnlyForDeploymentPostprocessing = 0;
		};
		024E669622801E000054DBB3 /* Resources */ = {
			isa = PBXResourcesBuildPhase;
			buildActionMask = 2147483647;
			files = (
			);
			runOnlyForDeploymentPostprocessing = 0;
		};
/* End PBXResourcesBuildPhase section */

/* Begin PBXSourcesBuildPhase section */
		024E667522801DFD0054DBB3 /* Sources */ = {
			isa = PBXSourcesBuildPhase;
			buildActionMask = 2147483647;
			files = (
				024E66AD22801F820054DBB3 /* CollectionViewFlowLayout.swift in Sources */,
				024E667F22801DFD0054DBB3 /* ViewController.swift in Sources */,
				024E667D22801DFD0054DBB3 /* AppDelegate.swift in Sources */,
			);
			runOnlyForDeploymentPostprocessing = 0;
		};
		024E668922801E000054DBB3 /* Sources */ = {
			isa = PBXSourcesBuildPhase;
			buildActionMask = 2147483647;
			files = (
				024E669222801E000054DBB3 /* HorizontalScrollViewExampleTests.swift in Sources */,
			);
			runOnlyForDeploymentPostprocessing = 0;
		};
		024E669422801E000054DBB3 /* Sources */ = {
			isa = PBXSourcesBuildPhase;
			buildActionMask = 2147483647;
			files = (
				024E669D22801E000054DBB3 /* HorizontalScrollViewExampleUITests.swift in Sources */,
			);
			runOnlyForDeploymentPostprocessing = 0;
		};
/* End PBXSourcesBuildPhase section */

/* Begin PBXTargetDependency section */
		024E668F22801E000054DBB3 /* PBXTargetDependency */ = {
			isa = PBXTargetDependency;
			target = 024E667822801DFD0054DBB3 /* HorizontalScrollViewExample */;
			targetProxy = 024E668E22801E000054DBB3 /* PBXContainerItemProxy */;
		};
		024E669A22801E000054DBB3 /* PBXTargetDependency */ = {
			isa = PBXTargetDependency;
			target = 024E667822801DFD0054DBB3 /* HorizontalScrollViewExample */;
			targetProxy = 024E669922801E000054DBB3 /* PBXContainerItemProxy */;
		};
/* End PBXTargetDependency section */

/* Begin PBXVariantGroup section */
		024E668022801DFE0054DBB3 /* Main.storyboard */ = {
			isa = PBXVariantGroup;
			children = (
				024E668122801DFE0054DBB3 /* Base */,
			);
			name = Main.storyboard;
			sourceTree = "<group>";
		};
		024E668522801E000054DBB3 /* LaunchScreen.storyboard */ = {
			isa = PBXVariantGroup;
			children = (
				024E668622801E000054DBB3 /* Base */,
			);
			name = LaunchScreen.storyboard;
			sourceTree = "<group>";
		};
/* End PBXVariantGroup section */

/* Begin XCBuildConfiguration section */
		024E669F22801E000054DBB3 /* Debug */ = {
			isa = XCBuildConfiguration;
			buildSettings = {
				ALWAYS_SEARCH_USER_PATHS = NO;
				CLANG_ANALYZER_NONNULL = YES;
				CLANG_ANALYZER_NUMBER_OBJECT_CONVERSION = YES_AGGRESSIVE;
				CLANG_CXX_LANGUAGE_STANDARD = "gnu++14";
				CLANG_CXX_LIBRARY = "libc++";
				CLANG_ENABLE_MODULES = YES;
				CLANG_ENABLE_OBJC_ARC = YES;
				CLANG_ENABLE_OBJC_WEAK = YES;
				CLANG_WARN_BLOCK_CAPTURE_AUTORELEASING = YES;
				CLANG_WARN_BOOL_CONVERSION = YES;
				CLANG_WARN_COMMA = YES;
				CLANG_WARN_CONSTANT_CONVERSION = YES;
				CLANG_WARN_DEPRECATED_OBJC_IMPLEMENTATIONS = YES;
				CLANG_WARN_DIRECT_OBJC_ISA_USAGE = YES_ERROR;
				CLANG_WARN_DOCUMENTATION_COMMENTS = YES;
				CLANG_WARN_EMPTY_BODY = YES;
				CLANG_WARN_ENUM_CONVERSION = YES;
				CLANG_WARN_INFINITE_RECURSION = YES;
				CLANG_WARN_INT_CONVERSION = YES;
				CLANG_WARN_NON_LITERAL_NULL_CONVERSION = YES;
				CLANG_WARN_OBJC_IMPLICIT_RETAIN_SELF = YES;
				CLANG_WARN_OBJC_LITERAL_CONVERSION = YES;
				CLANG_WARN_OBJC_ROOT_CLASS = YES_ERROR;
				CLANG_WARN_RANGE_LOOP_ANALYSIS = YES;
				CLANG_WARN_STRICT_PROTOTYPES = YES;
				CLANG_WARN_SUSPICIOUS_MOVE = YES;
				CLANG_WARN_UNGUARDED_AVAILABILITY = YES_AGGRESSIVE;
				CLANG_WARN_UNREACHABLE_CODE = YES;
				CLANG_WARN__DUPLICATE_METHOD_MATCH = YES;
				CODE_SIGN_IDENTITY = "iPhone Developer";
				COPY_PHASE_STRIP = NO;
				DEBUG_INFORMATION_FORMAT = dwarf;
				ENABLE_STRICT_OBJC_MSGSEND = YES;
				ENABLE_TESTABILITY = YES;
				GCC_C_LANGUAGE_STANDARD = gnu11;
				GCC_DYNAMIC_NO_PIC = NO;
				GCC_NO_COMMON_BLOCKS = YES;
				GCC_OPTIMIZATION_LEVEL = 0;
				GCC_PREPROCESSOR_DEFINITIONS = (
					"DEBUG=1",
					"$(inherited)",
				);
				GCC_WARN_64_TO_32_BIT_CONVERSION = YES;
				GCC_WARN_ABOUT_RETURN_TYPE = YES_ERROR;
				GCC_WARN_UNDECLARED_SELECTOR = YES;
				GCC_WARN_UNINITIALIZED_AUTOS = YES_AGGRESSIVE;
				GCC_WARN_UNUSED_FUNCTION = YES;
				GCC_WARN_UNUSED_VARIABLE = YES;
				IPHONEOS_DEPLOYMENT_TARGET = 12.1;
				MTL_ENABLE_DEBUG_INFO = INCLUDE_SOURCE;
				MTL_FAST_MATH = YES;
				ONLY_ACTIVE_ARCH = YES;
				SDKROOT = iphoneos;
				SWIFT_ACTIVE_COMPILATION_CONDITIONS = DEBUG;
				SWIFT_OPTIMIZATION_LEVEL = "-Onone";
			};
			name = Debug;
		};
		024E66A022801E000054DBB3 /* Release */ = {
			isa = XCBuildConfiguration;
			buildSettings = {
				ALWAYS_SEARCH_USER_PATHS = NO;
				CLANG_ANALYZER_NONNULL = YES;
				CLANG_ANALYZER_NUMBER_OBJECT_CONVERSION = YES_AGGRESSIVE;
				CLANG_CXX_LANGUAGE_STANDARD = "gnu++14";
				CLANG_CXX_LIBRARY = "libc++";
				CLANG_ENABLE_MODULES = YES;
				CLANG_ENABLE_OBJC_ARC = YES;
				CLANG_ENABLE_OBJC_WEAK = YES;
				CLANG_WARN_BLOCK_CAPTURE_AUTORELEASING = YES;
				CLANG_WARN_BOOL_CONVERSION = YES;
				CLANG_WARN_COMMA = YES;
				CLANG_WARN_CONSTANT_CONVERSION = YES;
				CLANG_WARN_DEPRECATED_OBJC_IMPLEMENTATIONS = YES;
				CLANG_WARN_DIRECT_OBJC_ISA_USAGE = YES_ERROR;
				CLANG_WARN_DOCUMENTATION_COMMENTS = YES;
				CLANG_WARN_EMPTY_BODY = YES;
				CLANG_WARN_ENUM_CONVERSION = YES;
				CLANG_WARN_INFINITE_RECURSION = YES;
				CLANG_WARN_INT_CONVERSION = YES;
				CLANG_WARN_NON_LITERAL_NULL_CONVERSION = YES;
				CLANG_WARN_OBJC_IMPLICIT_RETAIN_SELF = YES;
				CLANG_WARN_OBJC_LITERAL_CONVERSION = YES;
				CLANG_WARN_OBJC_ROOT_CLASS = YES_ERROR;
				CLANG_WARN_RANGE_LOOP_ANALYSIS = YES;
				CLANG_WARN_STRICT_PROTOTYPES = YES;
				CLANG_WARN_SUSPICIOUS_MOVE = YES;
				CLANG_WARN_UNGUARDED_AVAILABILITY = YES_AGGRESSIVE;
				CLANG_WARN_UNREACHABLE_CODE = YES;
				CLANG_WARN__DUPLICATE_METHOD_MATCH = YES;
				CODE_SIGN_IDENTITY = "iPhone Developer";
				COPY_PHASE_STRIP = NO;
				DEBUG_INFORMATION_FORMAT = "dwarf-with-dsym";
				ENABLE_NS_ASSERTIONS = NO;
				ENABLE_STRICT_OBJC_MSGSEND = YES;
				GCC_C_LANGUAGE_STANDARD = gnu11;
				GCC_NO_COMMON_BLOCKS = YES;
				GCC_WARN_64_TO_32_BIT_CONVERSION = YES;
				GCC_WARN_ABOUT_RETURN_TYPE = YES_ERROR;
				GCC_WARN_UNDECLARED_SELECTOR = YES;
				GCC_WARN_UNINITIALIZED_AUTOS = YES_AGGRESSIVE;
				GCC_WARN_UNUSED_FUNCTION = YES;
				GCC_WARN_UNUSED_VARIABLE = YES;
				IPHONEOS_DEPLOYMENT_TARGET = 12.1;
				MTL_ENABLE_DEBUG_INFO = NO;
				MTL_FAST_MATH = YES;
				SDKROOT = iphoneos;
				SWIFT_COMPILATION_MODE = wholemodule;
				SWIFT_OPTIMIZATION_LEVEL = "-O";
				VALIDATE_PRODUCT = YES;
			};
			name = Release;
		};
		024E66A222801E000054DBB3 /* Debug */ = {
			isa = XCBuildConfiguration;
			buildSettings = {
				ASSETCATALOG_COMPILER_APPICON_NAME = AppIcon;
				CODE_SIGN_STYLE = Automatic;
				DEVELOPMENT_TEAM = DB56ZJ587B;
				INFOPLIST_FILE = HorizontalScrollViewExample/Info.plist;
				LD_RUNPATH_SEARCH_PATHS = (
					"$(inherited)",
					"@executable_path/Frameworks",
				);
				PRODUCT_BUNDLE_IDENTIFIER = com.rochefort10.HorizontalScrollViewExample;
				PRODUCT_NAME = "$(TARGET_NAME)";
				SWIFT_VERSION = 4.2;
				TARGETED_DEVICE_FAMILY = "1,2";
			};
			name = Debug;
		};
		024E66A322801E000054DBB3 /* Release */ = {
			isa = XCBuildConfiguration;
			buildSettings = {
				ASSETCATALOG_COMPILER_APPICON_NAME = AppIcon;
				CODE_SIGN_STYLE = Automatic;
				DEVELOPMENT_TEAM = DB56ZJ587B;
				INFOPLIST_FILE = HorizontalScrollViewExample/Info.plist;
				LD_RUNPATH_SEARCH_PATHS = (
					"$(inherited)",
					"@executable_path/Frameworks",
				);
				PRODUCT_BUNDLE_IDENTIFIER = com.rochefort10.HorizontalScrollViewExample;
				PRODUCT_NAME = "$(TARGET_NAME)";
				SWIFT_VERSION = 4.2;
				TARGETED_DEVICE_FAMILY = "1,2";
			};
			name = Release;
		};
		024E66A522801E000054DBB3 /* Debug */ = {
			isa = XCBuildConfiguration;
			buildSettings = {
				ALWAYS_EMBED_SWIFT_STANDARD_LIBRARIES = YES;
				BUNDLE_LOADER = "$(TEST_HOST)";
				CODE_SIGN_STYLE = Automatic;
				DEVELOPMENT_TEAM = DB56ZJ587B;
				INFOPLIST_FILE = HorizontalScrollViewExampleTests/Info.plist;
				LD_RUNPATH_SEARCH_PATHS = (
					"$(inherited)",
					"@executable_path/Frameworks",
					"@loader_path/Frameworks",
				);
				PRODUCT_BUNDLE_IDENTIFIER = com.rochefort10.HorizontalScrollViewExampleTests;
				PRODUCT_NAME = "$(TARGET_NAME)";
				SWIFT_VERSION = 4.2;
				TARGETED_DEVICE_FAMILY = "1,2";
				TEST_HOST = "$(BUILT_PRODUCTS_DIR)/HorizontalScrollViewExample.app/HorizontalScrollViewExample";
			};
			name = Debug;
		};
		024E66A622801E000054DBB3 /* Release */ = {
			isa = XCBuildConfiguration;
			buildSettings = {
				ALWAYS_EMBED_SWIFT_STANDARD_LIBRARIES = YES;
				BUNDLE_LOADER = "$(TEST_HOST)";
				CODE_SIGN_STYLE = Automatic;
				DEVELOPMENT_TEAM = DB56ZJ587B;
				INFOPLIST_FILE = HorizontalScrollViewExampleTests/Info.plist;
				LD_RUNPATH_SEARCH_PATHS = (
					"$(inherited)",
					"@executable_path/Frameworks",
					"@loader_path/Frameworks",
				);
				PRODUCT_BUNDLE_IDENTIFIER = com.rochefort10.HorizontalScrollViewExampleTests;
				PRODUCT_NAME = "$(TARGET_NAME)";
				SWIFT_VERSION = 4.2;
				TARGETED_DEVICE_FAMILY = "1,2";
				TEST_HOST = "$(BUILT_PRODUCTS_DIR)/HorizontalScrollViewExample.app/HorizontalScrollViewExample";
			};
			name = Release;
		};
		024E66A822801E000054DBB3 /* Debug */ = {
			isa = XCBuildConfiguration;
			buildSettings = {
				ALWAYS_EMBED_SWIFT_STANDARD_LIBRARIES = YES;
				CODE_SIGN_STYLE = Automatic;
				DEVELOPMENT_TEAM = DB56ZJ587B;
				INFOPLIST_FILE = HorizontalScrollViewExampleUITests/Info.plist;
				LD_RUNPATH_SEARCH_PATHS = (
					"$(inherited)",
					"@executable_path/Frameworks",
					"@loader_path/Frameworks",
				);
				PRODUCT_BUNDLE_IDENTIFIER = com.rochefort10.HorizontalScrollViewExampleUITests;
				PRODUCT_NAME = "$(TARGET_NAME)";
				SWIFT_VERSION = 4.2;
				TARGETED_DEVICE_FAMILY = "1,2";
				TEST_TARGET_NAME = HorizontalScrollViewExample;
			};
			name = Debug;
		};
		024E66A922801E000054DBB3 /* Release */ = {
			isa = XCBuildConfiguration;
			buildSettings = {
				ALWAYS_EMBED_SWIFT_STANDARD_LIBRARIES = YES;
				CODE_SIGN_STYLE = Automatic;
				DEVELOPMENT_TEAM = DB56ZJ587B;
				INFOPLIST_FILE = HorizontalScrollViewExampleUITests/Info.plist;
				LD_RUNPATH_SEARCH_PATHS = (
					"$(inherited)",
					"@executable_path/Frameworks",
					"@loader_path/Frameworks",
				);
				PRODUCT_BUNDLE_IDENTIFIER = com.rochefort10.HorizontalScrollViewExampleUITests;
				PRODUCT_NAME = "$(TARGET_NAME)";
				SWIFT_VERSION = 4.2;
				TARGETED_DEVICE_FAMILY = "1,2";
				TEST_TARGET_NAME = HorizontalScrollViewExample;
			};
			name = Release;
		};
/* End XCBuildConfiguration section */

/* Begin XCConfigurationList section */
		024E667422801DFD0054DBB3 /* Build configuration list for PBXProject "HorizontalScrollViewExample" */ = {
			isa = XCConfigurationList;
			buildConfigurations = (
				024E669F22801E000054DBB3 /* Debug */,
				024E66A022801E000054DBB3 /* Release */,
			);
			defaultConfigurationIsVisible = 0;
			defaultConfigurationName = Release;
		};
		024E66A122801E000054DBB3 /* Build configuration list for PBXNativeTarget "HorizontalScrollViewExample" */ = {
			isa = XCConfigurationList;
			buildConfigurations = (
				024E66A222801E000054DBB3 /* Debug */,
				024E66A322801E000054DBB3 /* Release */,
			);
			defaultConfigurationIsVisible = 0;
			defaultConfigurationName = Release;
		};
		024E66A422801E000054DBB3 /* Build configuration list for PBXNativeTarget "HorizontalScrollViewExampleTests" */ = {
			isa = XCConfigurationList;
			buildConfigurations = (
				024E66A522801E000054DBB3 /* Debug */,
				024E66A622801E000054DBB3 /* Release */,
			);
			defaultConfigurationIsVisible = 0;
			defaultConfigurationName = Release;
		};
		024E66A722801E000054DBB3 /* Build configuration list for PBXNativeTarget "HorizontalScrollViewExampleUITests" */ = {
			isa = XCConfigurationList;
			buildConfigurations = (
				024E66A822801E000054DBB3 /* Debug */,
				024E66A922801E000054DBB3 /* Release */,
			);
			defaultConfigurationIsVisible = 0;
			defaultConfigurationName = Release;
		};
/* End XCConfigurationList section */
	};
	rootObject = 024E667122801DFD0054DBB3 /* Project object */;
}
